{
  "version": 4,
  "terraform_version": "1.6.6",
  "serial": 95,
  "lineage": "d1b3801f-5f8d-064b-4290-399295bf11b5",
  "outputs": {
    "external_ip": {
      "value": "35.238.2.145",
      "type": "string"
    }
  },
  "resources": [
    {
      "mode": "managed",
      "type": "google_compute_address",
      "name": "external_ip",
      "provider": "provider[\"registry.terraform.io/hashicorp/google\"]",
      "instances": [
        {
          "schema_version": 0,
          "attributes": {
            "address": "35.238.2.145",
            "address_type": "EXTERNAL",
            "creation_timestamp": "2024-01-04T07:02:36.926-08:00",
            "description": "",
            "effective_labels": {},
            "id": "projects/proyecto-final-gcp-410014/regions/us-central1/addresses/mi-ip-externa",
            "ip_version": "",
            "ipv6_endpoint_type": "",
            "label_fingerprint": "42WmSpB8rSM=",
            "labels": {},
            "name": "mi-ip-externa",
            "network": "",
            "network_tier": "PREMIUM",
            "prefix_length": 0,
            "project": "proyecto-final-gcp-410014",
            "purpose": "",
            "region": "us-central1",
            "self_link": "https://www.googleapis.com/compute/v1/projects/proyecto-final-gcp-410014/regions/us-central1/addresses/mi-ip-externa",
            "subnetwork": "",
            "terraform_labels": {},
            "timeouts": null,
            "users": [
              "https://www.googleapis.com/compute/v1/projects/proyecto-final-gcp-410014/zones/us-central1-a/instances/instancia-final-1"
            ]
          },
          "sensitive_attributes": [],
          "private": "eyJlMmJmYjczMC1lY2FhLTExZTYtOGY4OC0zNDM2M2JjN2M0YzAiOnsiY3JlYXRlIjoxMjAwMDAwMDAwMDAwLCJkZWxldGUiOjEyMDAwMDAwMDAwMDAsInVwZGF0ZSI6MTIwMDAwMDAwMDAwMH19"
        }
      ]
    },
    {
      "mode": "managed",
      "type": "google_compute_instance",
      "name": "instancia_final",
      "provider": "provider[\"registry.terraform.io/hashicorp/google\"]",
      "instances": [
        {
          "schema_version": 6,
          "attributes": {
            "advanced_machine_features": [],
            "allow_stopping_for_update": null,
            "attached_disk": [],
            "boot_disk": [
              {
                "auto_delete": true,
                "device_name": "persistent-disk-0",
                "disk_encryption_key_raw": "",
                "disk_encryption_key_sha256": "",
                "initialize_params": [
                  {
                    "image": "https://www.googleapis.com/compute/v1/projects/ubuntu-os-cloud/global/images/ubuntu-2004-focal-v20231213",
                    "labels": {},
                    "resource_manager_tags": null,
                    "size": 10,
                    "type": "pd-standard"
                  }
                ],
                "kms_key_self_link": "",
                "mode": "READ_WRITE",
                "source": "https://www.googleapis.com/compute/v1/projects/proyecto-final-gcp-410014/zones/us-central1-a/disks/instancia-final-1"
              }
            ],
            "can_ip_forward": false,
            "confidential_instance_config": [],
            "cpu_platform": "Intel Haswell",
            "current_status": "RUNNING",
            "deletion_protection": false,
            "description": "",
            "desired_status": null,
            "effective_labels": {},
            "enable_display": false,
            "guest_accelerator": [],
            "hostname": "",
            "id": "projects/proyecto-final-gcp-410014/zones/us-central1-a/instances/instancia-final-1",
            "instance_id": "2564593634930030479",
            "label_fingerprint": "42WmSpB8rSM=",
            "labels": null,
            "machine_type": "n1-standard-1",
            "metadata": {
              "ssh-keys": "fgonzavz:ssh-rsa AAAAB3NzaC1yc2EAAAADAQABAAABAQDhHGrSmooeYTdJgs5YGWTeHXnH+spvDW5saucWaYd3CDRpQerYdmQ04rzGAYDw9h/P+K7QOGsWuJALjwidz8Z5z+Zy0SGIxeFtHFlZdTtSYF+5E7UfA2e0N/HCwy4XK3fTxtp/5M40+PtbsVQ6FxccQX/XQV0PbY0tOjCHBAYE/3oyAef91UCmq83ri7GtO4Xi6TqnCkGAD7MeXHLEC6tRw5V687r7M6RkOUDqw0/D/mFjhkV5M2urXVhxYPXvPRAaj2WBqMEUoS3BKYNhwW5HkHiLz4ngYfI8jlYBuWCPvpW96fLzWevWeJlJaCTWy0C+xJ2dlwzaYr2tozH+Wdbn fco.gonza1997@gmail.com\n"
            },
            "metadata_fingerprint": "jy_Z9hRuphw=",
            "metadata_startup_script": null,
            "min_cpu_platform": "",
            "name": "instancia-final-1",
            "network_interface": [
              {
                "access_config": [
                  {
                    "nat_ip": "35.238.2.145",
                    "network_tier": "PREMIUM",
                    "public_ptr_domain_name": ""
                  }
                ],
                "alias_ip_range": [],
                "internal_ipv6_prefix_length": 0,
                "ipv6_access_config": [],
                "ipv6_access_type": "",
                "ipv6_address": "",
                "name": "nic0",
                "network": "https://www.googleapis.com/compute/v1/projects/proyecto-final-gcp-410014/global/networks/default",
                "network_ip": "10.128.0.23",
                "nic_type": "",
                "queue_count": 0,
                "stack_type": "IPV4_ONLY",
                "subnetwork": "https://www.googleapis.com/compute/v1/projects/proyecto-final-gcp-410014/regions/us-central1/subnetworks/default",
                "subnetwork_project": "proyecto-final-gcp-410014"
              }
            ],
            "network_performance_config": [],
            "params": [],
            "project": "proyecto-final-gcp-410014",
            "reservation_affinity": [],
            "resource_policies": null,
            "scheduling": [
              {
                "automatic_restart": true,
                "instance_termination_action": "",
                "local_ssd_recovery_timeout": [],
                "min_node_cpus": 0,
                "node_affinities": [],
                "on_host_maintenance": "MIGRATE",
                "preemptible": false,
                "provisioning_model": "STANDARD"
              }
            ],
            "scratch_disk": [],
            "self_link": "https://www.googleapis.com/compute/v1/projects/proyecto-final-gcp-410014/zones/us-central1-a/instances/instancia-final-1",
            "service_account": [],
            "shielded_instance_config": [
              {
                "enable_integrity_monitoring": true,
                "enable_secure_boot": false,
                "enable_vtpm": true
              }
            ],
            "tags": null,
            "tags_fingerprint": "42WmSpB8rSM=",
            "terraform_labels": {},
            "timeouts": null,
            "zone": "us-central1-a"
          },
          "sensitive_attributes": [],
          "private": "eyJlMmJmYjczMC1lY2FhLTExZTYtOGY4OC0zNDM2M2JjN2M0YzAiOnsiY3JlYXRlIjoxMjAwMDAwMDAwMDAwLCJkZWxldGUiOjEyMDAwMDAwMDAwMDAsInVwZGF0ZSI6MTIwMDAwMDAwMDAwMH0sInNjaGVtYV92ZXJzaW9uIjoiNiJ9",
          "dependencies": [
            "google_compute_address.external_ip"
          ]
        }
      ]
    }
  ],
  "check_results": null
}
